
Microsoft Visual Studio Solution File, Format Version 12.00
# Visual Studio Version 17
VisualStudioVersion = 17.12.35527.113 d17.12
MinimumVisualStudioVersion = 10.0.40219.1
Project("{FAE04EC0-301F-11D3-BF4B-00C04F79EFBC}") = "FolderSync", "FolderSync.csproj", "{AAF7A848-22AE-4D46-88C0-2E0F13D8EE9A}"
EndProject
Global
	GlobalSection(SolutionConfigurationPlatforms) = preSolution
		Debug|Any CPU = Debug|Any CPU
		Release|Any CPU = Release|Any CPU
	EndGlobalSection
	GlobalSection(ProjectConfigurationPlatforms) = postSolution
		{AAF7A848-22AE-4D46-88C0-2E0F13D8EE9A}.Debug|Any CPU.ActiveCfg = Debug|Any CPU
		{AAF7A848-22AE-4D46-88C0-2E0F13D8EE9A}.Debug|Any CPU.Build.0 = Debug|Any CPU
		{AAF7A848-22AE-4D46-88C0-2E0F13D8EE9A}.Release|Any CPU.ActiveCfg = Release|Any CPU
		{AAF7A848-22AE-4D46-88C0-2E0F13D8EE9A}.Release|Any CPU.Build.0 = Release|Any CPU
	EndGlobalSection
	GlobalSection(SolutionProperties) = preSolution
		HideSolutionNode = FALSE
	EndGlobalSection
EndGlobal
